# Generated by pub
# See http://pub.dartlang.org/doc/glossary.html#lockfile
packages:
  hub:
<<<<<<< HEAD
    description: hub
    source: hosted
    version: "0.2.0"
=======
    description:
      path: "/Users/boxy/Apps/codelab/dart/invocable/../hub"
      relative: true
    source: path
    version: "0.0.1"
>>>>>>> 6d3cc0c1e14f4c18d64f03a4ae6d3002255795fb
